
Microsoft Visual Studio Solution File, Format Version 12.00
# Visual Studio Version 16
VisualStudioVersion = 16.0.30011.22
MinimumVisualStudioVersion = 10.0.40219.1
Project("{FAE04EC0-301F-11D3-BF4B-00C04F79EFBC}") = "Videolizer", "Videolizer\Videolizer.csproj", "{AFDC1138-4AFA-472B-B7C4-3FAB9CAB95E5}"
EndProject
Global
	GlobalSection(SolutionConfigurationPlatforms) = preSolution
		Debug|Any CPU = Debug|Any CPU
		Release|Any CPU = Release|Any CPU
	EndGlobalSection
	GlobalSection(ProjectConfigurationPlatforms) = postSolution
		{AFDC1138-4AFA-472B-B7C4-3FAB9CAB95E5}.Debug|Any CPU.ActiveCfg = Debug|Any CPU
		{AFDC1138-4AFA-472B-B7C4-3FAB9CAB95E5}.Debug|Any CPU.Build.0 = Debug|Any CPU
		{AFDC1138-4AFA-472B-B7C4-3FAB9CAB95E5}.Release|Any CPU.ActiveCfg = Release|Any CPU
		{AFDC1138-4AFA-472B-B7C4-3FAB9CAB95E5}.Release|Any CPU.Build.0 = Release|Any CPU
	EndGlobalSection
	GlobalSection(SolutionProperties) = preSolution
		HideSolutionNode = FALSE
	EndGlobalSection
	GlobalSection(ExtensibilityGlobals) = postSolution
		SolutionGuid = {15BDF89E-169E-45A4-9546-11CF8B8CD4BE}
	EndGlobalSection
EndGlobal
